
Microsoft Visual Studio Solution File, Format Version 12.00
# Visual Studio Version 17
VisualStudioVersion = 17.10.34928.147
MinimumVisualStudioVersion = 10.0.40219.1
Project("{FAE04EC0-301F-11D3-BF4B-00C04F79EFBC}") = "FingerprintApp", "FingerprintApp\FingerprintApp.csproj", "{76F574D5-981D-433A-8A3B-584FE8E3090C}"
EndProject
Global
	GlobalSection(SolutionConfigurationPlatforms) = preSolution
		Debug|Any CPU = Debug|Any CPU
		Release|Any CPU = Release|Any CPU
	EndGlobalSection
	GlobalSection(ProjectConfigurationPlatforms) = postSolution
		{76F574D5-981D-433A-8A3B-584FE8E3090C}.Debug|Any CPU.ActiveCfg = Debug|Any CPU
		{76F574D5-981D-433A-8A3B-584FE8E3090C}.Debug|Any CPU.Build.0 = Debug|Any CPU
		{76F574D5-981D-433A-8A3B-584FE8E3090C}.Release|Any CPU.ActiveCfg = Release|Any CPU
		{76F574D5-981D-433A-8A3B-584FE8E3090C}.Release|Any CPU.Build.0 = Release|Any CPU
	EndGlobalSection
	GlobalSection(SolutionProperties) = preSolution
		HideSolutionNode = FALSE
	EndGlobalSection
	GlobalSection(ExtensibilityGlobals) = postSolution
		SolutionGuid = {16C2EBF9-B28A-4EDC-9D92-A78350C11B3B}
	EndGlobalSection
EndGlobal
